
Microsoft Visual Studio Solution File, Format Version 12.00
# Visual Studio Version 17
VisualStudioVersion = 17.5.002.0
MinimumVisualStudioVersion = 10.0.40219.1
Project("{9A19103F-16F7-4668-BE54-9A1E7A4F7556}") = "RunGroopWebApp", "RunGroopWebApp\RunGroopWebApp.csproj", "{C839B29C-508E-4EC2-9A21-2DBB4589729E}"
EndProject
Global
	GlobalSection(SolutionConfigurationPlatforms) = preSolution
		Debug|Any CPU = Debug|Any CPU
		Release|Any CPU = Release|Any CPU
	EndGlobalSection
	GlobalSection(ProjectConfigurationPlatforms) = postSolution
		{C839B29C-508E-4EC2-9A21-2DBB4589729E}.Debug|Any CPU.ActiveCfg = Debug|Any CPU
		{C839B29C-508E-4EC2-9A21-2DBB4589729E}.Debug|Any CPU.Build.0 = Debug|Any CPU
		{C839B29C-508E-4EC2-9A21-2DBB4589729E}.Release|Any CPU.ActiveCfg = Release|Any CPU
		{C839B29C-508E-4EC2-9A21-2DBB4589729E}.Release|Any CPU.Build.0 = Release|Any CPU
	EndGlobalSection
	GlobalSection(SolutionProperties) = preSolution
		HideSolutionNode = FALSE
	EndGlobalSection
	GlobalSection(ExtensibilityGlobals) = postSolution
		SolutionGuid = {4F278803-7283-4358-AB0D-2913853A5E92}
	EndGlobalSection
EndGlobal
